
Microsoft Visual Studio Solution File, Format Version 12.00
# Visual Studio Express 2013 for Windows Desktop
VisualStudioVersion = 12.0.40629.0
MinimumVisualStudioVersion = 10.0.40219.1
Project("{FAE04EC0-301F-11D3-BF4B-00C04F79EFBC}") = "SimpleBackup", "SimpleBackup\SimpleBackup.csproj", "{E5C0CF47-FE16-46FE-9E35-C7CE16604455}"
EndProject
Project("{FAE04EC0-301F-11D3-BF4B-00C04F79EFBC}") = "FolderSelect", "FolderSelectDialog\FolderSelect.csproj", "{F998031D-CE87-42A7-A323-4532E7BBCD8D}"
EndProject
Global
	GlobalSection(SolutionConfigurationPlatforms) = preSolution
		Debug|Any CPU = Debug|Any CPU
		Release|Any CPU = Release|Any CPU
	EndGlobalSection
	GlobalSection(ProjectConfigurationPlatforms) = postSolution
		{E5C0CF47-FE16-46FE-9E35-C7CE16604455}.Debug|Any CPU.ActiveCfg = Debug|Any CPU
		{E5C0CF47-FE16-46FE-9E35-C7CE16604455}.Debug|Any CPU.Build.0 = Debug|Any CPU
		{E5C0CF47-FE16-46FE-9E35-C7CE16604455}.Release|Any CPU.ActiveCfg = Release|Any CPU
		{E5C0CF47-FE16-46FE-9E35-C7CE16604455}.Release|Any CPU.Build.0 = Release|Any CPU
		{F998031D-CE87-42A7-A323-4532E7BBCD8D}.Debug|Any CPU.ActiveCfg = Debug|Any CPU
		{F998031D-CE87-42A7-A323-4532E7BBCD8D}.Debug|Any CPU.Build.0 = Debug|Any CPU
		{F998031D-CE87-42A7-A323-4532E7BBCD8D}.Release|Any CPU.ActiveCfg = Release|Any CPU
		{F998031D-CE87-42A7-A323-4532E7BBCD8D}.Release|Any CPU.Build.0 = Release|Any CPU
	EndGlobalSection
	GlobalSection(SolutionProperties) = preSolution
		HideSolutionNode = FALSE
	EndGlobalSection
EndGlobal
